
Microsoft Visual Studio Solution File, Format Version 12.00
# Visual Studio Version 17
VisualStudioVersion = 17.4.33103.184
MinimumVisualStudioVersion = 10.0.40219.1
Project("{FAE04EC0-301F-11D3-BF4B-00C04F79EFBC}") = "webapi.inlock.codefirst.Manha", "webapi.inlock.codefirst.Manha.csproj", "{7F5228E7-57CA-489B-A9D7-869BA71B8C87}"
EndProject
Global
	GlobalSection(SolutionConfigurationPlatforms) = preSolution
		Debug|Any CPU = Debug|Any CPU
		Release|Any CPU = Release|Any CPU
	EndGlobalSection
	GlobalSection(ProjectConfigurationPlatforms) = postSolution
		{7F5228E7-57CA-489B-A9D7-869BA71B8C87}.Debug|Any CPU.ActiveCfg = Debug|Any CPU
		{7F5228E7-57CA-489B-A9D7-869BA71B8C87}.Debug|Any CPU.Build.0 = Debug|Any CPU
		{7F5228E7-57CA-489B-A9D7-869BA71B8C87}.Release|Any CPU.ActiveCfg = Release|Any CPU
		{7F5228E7-57CA-489B-A9D7-869BA71B8C87}.Release|Any CPU.Build.0 = Release|Any CPU
	EndGlobalSection
	GlobalSection(SolutionProperties) = preSolution
		HideSolutionNode = FALSE
	EndGlobalSection
	GlobalSection(ExtensibilityGlobals) = postSolution
		SolutionGuid = {A0D6AFD7-AC17-4A6E-B1C0-37E35B18F519}
	EndGlobalSection
EndGlobal
